
Microsoft Visual Studio Solution File, Format Version 12.00
# Visual Studio Version 16
VisualStudioVersion = 16.0.29209.152
MinimumVisualStudioVersion = 10.0.40219.1
Project("{FAE04EC0-301F-11D3-BF4B-00C04F79EFBC}") = "PetStoreMvc", "PetStoreMvc\PetStoreMvc.csproj", "{BA5093E7-BA98-4C97-BA16-FD327A273086}"
EndProject
Project("{FAE04EC0-301F-11D3-BF4B-00C04F79EFBC}") = "PetStoreMvc.Tests", "PetStoreMvc.Tests\PetStoreMvc.Tests.csproj", "{3D5AAFB0-CE92-4664-A2AE-7DAF9F99DAD9}"
EndProject
Project("{2150E333-8FDC-42A3-9474-1A3956D46DE8}") = "Solution Items", "Solution Items", "{19615279-8FA2-40F6-8624-06A1BF717050}"
	ProjectSection(SolutionItems) = preProject
		.editorconfig = .editorconfig
		README.md = README.md
	EndProjectSection
EndProject
Global
	GlobalSection(SolutionConfigurationPlatforms) = preSolution
		Debug|Any CPU = Debug|Any CPU
		Release|Any CPU = Release|Any CPU
	EndGlobalSection
	GlobalSection(ProjectConfigurationPlatforms) = postSolution
		{BA5093E7-BA98-4C97-BA16-FD327A273086}.Debug|Any CPU.ActiveCfg = Debug|Any CPU
		{BA5093E7-BA98-4C97-BA16-FD327A273086}.Debug|Any CPU.Build.0 = Debug|Any CPU
		{BA5093E7-BA98-4C97-BA16-FD327A273086}.Release|Any CPU.ActiveCfg = Release|Any CPU
		{BA5093E7-BA98-4C97-BA16-FD327A273086}.Release|Any CPU.Build.0 = Release|Any CPU
		{3D5AAFB0-CE92-4664-A2AE-7DAF9F99DAD9}.Debug|Any CPU.ActiveCfg = Debug|Any CPU
		{3D5AAFB0-CE92-4664-A2AE-7DAF9F99DAD9}.Debug|Any CPU.Build.0 = Debug|Any CPU
		{3D5AAFB0-CE92-4664-A2AE-7DAF9F99DAD9}.Release|Any CPU.ActiveCfg = Release|Any CPU
		{3D5AAFB0-CE92-4664-A2AE-7DAF9F99DAD9}.Release|Any CPU.Build.0 = Release|Any CPU
	EndGlobalSection
	GlobalSection(SolutionProperties) = preSolution
		HideSolutionNode = FALSE
	EndGlobalSection
	GlobalSection(ExtensibilityGlobals) = postSolution
		SolutionGuid = {249B7B47-9E1C-46D2-ACDF-ADA6BE02E5D9}
	EndGlobalSection
EndGlobal
